// !$*UTF8*$!
{
	archiveVersion = 1;
	classes = {
	};
	objectVersion = 48;
	objects = {

/* Begin PBXBuildFile section */
		EE15C6B42060029F00FA5871 /* Graph.cpp in Sources */ = {isa = PBXBuildFile; fileRef = EE15C6B22060029F00FA5871 /* Graph.cpp */; };
		EE15C6B72060191200FA5871 /* DoublyLinkedList.cpp in Sources */ = {isa = PBXBuildFile; fileRef = EE15C6B52060191200FA5871 /* DoublyLinkedList.cpp */; };
		EE33B880205C0E0B00BB7033 /* CrimeData.cpp in Sources */ = {isa = PBXBuildFile; fileRef = EE7AB63D20221F4D0083E029 /* CrimeData.cpp */; };
		EE3B4DA3202A001D00CB80C1 /* ArrayTester.cpp in Sources */ = {isa = PBXBuildFile; fileRef = EE3B4DA1202A001D00CB80C1 /* ArrayTester.cpp */; };
		EE7AB63220220C790083E029 /* Controller.cpp in Sources */ = {isa = PBXBuildFile; fileRef = EE7AB63020220C790083E029 /* Controller.cpp */; };
		EE7AB63520220C8C0083E029 /* FileController.cpp in Sources */ = {isa = PBXBuildFile; fileRef = EE7AB63320220C8C0083E029 /* FileController.cpp */; };
		EE7AB63820220CE20083E029 /* Runner.cpp in Sources */ = {isa = PBXBuildFile; fileRef = EE7AB63720220CE20083E029 /* Runner.cpp */; };
		EE7AB63B20220F4A0083E029 /* Timer.cpp in Sources */ = {isa = PBXBuildFile; fileRef = EE7AB63920220F4A0083E029 /* Timer.cpp */; };
		EE7CE799204D8F8E004EAA32 /* RecursionTester.cpp in Sources */ = {isa = PBXBuildFile; fileRef = EE7CE797204D8F8E004EAA32 /* RecursionTester.cpp */; };
		EE9BA492205AB357001AF32C /* SortingTester.cpp in Sources */ = {isa = PBXBuildFile; fileRef = EE9BA490205AB357001AF32C /* SortingTester.cpp */; };
		EEC00BA020653FDB0026C585 /* GraphTester.cpp in Sources */ = {isa = PBXBuildFile; fileRef = EEC00B9E20653FDB0026C585 /* GraphTester.cpp */; };
		EEC796E3206A948E00D2C837 /* BinaryTreeTester.cpp in Sources */ = {isa = PBXBuildFile; fileRef = EEC796E1206A948E00D2C837 /* BinaryTreeTester.cpp */; };
/* End PBXBuildFile section */

/* Begin PBXCopyFilesBuildPhase section */
		EE7AB62020220BEE0083E029 /* CopyFiles */ = {
			isa = PBXCopyFilesBuildPhase;
			buildActionMask = 2147483647;
			dstPath = /usr/share/man/man1/;
			dstSubfolderSpec = 0;
			files = (
			);
			runOnlyForDeploymentPostprocessing = 1;
		};
/* End PBXCopyFilesBuildPhase section */

/* Begin PBXFileReference section */
		EE15C6B22060029F00FA5871 /* Graph.cpp */ = {isa = PBXFileReference; lastKnownFileType = sourcecode.cpp.cpp; path = Graph.cpp; sourceTree = "<group>"; };
		EE15C6B32060029F00FA5871 /* Graph.hpp */ = {isa = PBXFileReference; lastKnownFileType = sourcecode.cpp.h; path = Graph.hpp; sourceTree = "<group>"; };
		EE15C6B52060191200FA5871 /* DoublyLinkedList.cpp */ = {isa = PBXFileReference; lastKnownFileType = sourcecode.cpp.cpp; path = DoublyLinkedList.cpp; sourceTree = "<group>"; };
		EE15C6B92060194600FA5871 /* LinearNode.hpp */ = {isa = PBXFileReference; lastKnownFileType = sourcecode.cpp.h; path = LinearNode.hpp; sourceTree = "<group>"; };
		EE2D3C852045C407007B9AC9 /* Node.hpp */ = {isa = PBXFileReference; lastKnownFileType = sourcecode.cpp.h; path = Node.hpp; sourceTree = "<group>"; };
		EE33B87F205C026400BB7033 /* crime.csv */ = {isa = PBXFileReference; fileEncoding = 4; lastKnownFileType = text; path = crime.csv; sourceTree = "<group>"; };
		EE3B4DA1202A001D00CB80C1 /* ArrayTester.cpp */ = {isa = PBXFileReference; lastKnownFileType = sourcecode.cpp.cpp; path = ArrayTester.cpp; sourceTree = "<group>"; };
		EE3B4DA2202A001D00CB80C1 /* ArrayTester.hpp */ = {isa = PBXFileReference; lastKnownFileType = sourcecode.cpp.h; path = ArrayTester.hpp; sourceTree = "<group>"; };
		EE3F7238207BB13C004721C9 /* BinarySearchTree.hpp */ = {isa = PBXFileReference; lastKnownFileType = sourcecode.cpp.h; path = BinarySearchTree.hpp; sourceTree = "<group>"; };
		EE71AF242024C22300757B53 /* Array.hpp */ = {isa = PBXFileReference; lastKnownFileType = sourcecode.cpp.h; path = Array.hpp; sourceTree = "<group>"; };
		EE7AB62220220BEE0083E029 /* DataStructureProject */ = {isa = PBXFileReference; explicitFileType = "compiled.mach-o.executable"; includeInIndex = 0; path = DataStructureProject; sourceTree = BUILT_PRODUCTS_DIR; };
		EE7AB63020220C790083E029 /* Controller.cpp */ = {isa = PBXFileReference; lastKnownFileType = sourcecode.cpp.cpp; path = Controller.cpp; sourceTree = "<group>"; };
		EE7AB63120220C790083E029 /* Controller.hpp */ = {isa = PBXFileReference; lastKnownFileType = sourcecode.cpp.h; path = Controller.hpp; sourceTree = "<group>"; };
		EE7AB63320220C8C0083E029 /* FileController.cpp */ = {isa = PBXFileReference; lastKnownFileType = sourcecode.cpp.cpp; path = FileController.cpp; sourceTree = "<group>"; };
		EE7AB63420220C8C0083E029 /* FileController.hpp */ = {isa = PBXFileReference; lastKnownFileType = sourcecode.cpp.h; path = FileController.hpp; sourceTree = "<group>"; };
		EE7AB63720220CE20083E029 /* Runner.cpp */ = {isa = PBXFileReference; lastKnownFileType = sourcecode.cpp.cpp; path = Runner.cpp; sourceTree = "<group>"; };
		EE7AB63920220F4A0083E029 /* Timer.cpp */ = {isa = PBXFileReference; lastKnownFileType = sourcecode.cpp.cpp; path = Timer.cpp; sourceTree = "<group>"; };
		EE7AB63A20220F4A0083E029 /* Timer.hpp */ = {isa = PBXFileReference; lastKnownFileType = sourcecode.cpp.h; path = Timer.hpp; sourceTree = "<group>"; };
		EE7AB63D20221F4D0083E029 /* CrimeData.cpp */ = {isa = PBXFileReference; lastKnownFileType = sourcecode.cpp.cpp; path = CrimeData.cpp; sourceTree = "<group>"; };
		EE7AB63E20221F570083E029 /* CrimeData.hpp */ = {isa = PBXFileReference; lastKnownFileType = sourcecode.cpp.h; path = CrimeData.hpp; sourceTree = "<group>"; };
		EE7CE797204D8F8E004EAA32 /* RecursionTester.cpp */ = {isa = PBXFileReference; lastKnownFileType = sourcecode.cpp.cpp; path = RecursionTester.cpp; sourceTree = "<group>"; };
		EE7CE798204D8F8E004EAA32 /* RecursionTester.hpp */ = {isa = PBXFileReference; lastKnownFileType = sourcecode.cpp.h; path = RecursionTester.hpp; sourceTree = "<group>"; };
		EE9BA490205AB357001AF32C /* SortingTester.cpp */ = {isa = PBXFileReference; lastKnownFileType = sourcecode.cpp.cpp; path = SortingTester.cpp; sourceTree = "<group>"; };
		EE9BA491205AB357001AF32C /* SortingTester.hpp */ = {isa = PBXFileReference; lastKnownFileType = sourcecode.cpp.h; path = SortingTester.hpp; sourceTree = "<group>"; };
		EEA91A7E20446F8300BB75BD /* DoubleNode.hpp */ = {isa = PBXFileReference; lastKnownFileType = sourcecode.cpp.h; path = DoubleNode.hpp; sourceTree = "<group>"; };
		EEC00B9E20653FDB0026C585 /* GraphTester.cpp */ = {isa = PBXFileReference; lastKnownFileType = sourcecode.cpp.cpp; path = GraphTester.cpp; sourceTree = "<group>"; };
		EEC00B9F20653FDB0026C585 /* GraphTester.hpp */ = {isa = PBXFileReference; lastKnownFileType = sourcecode.cpp.h; path = GraphTester.hpp; sourceTree = "<group>"; };
		EEC796E1206A948E00D2C837 /* BinaryTreeTester.cpp */ = {isa = PBXFileReference; lastKnownFileType = sourcecode.cpp.cpp; path = BinaryTreeTester.cpp; sourceTree = "<group>"; };
		EEC796E2206A948E00D2C837 /* BinaryTreeTester.hpp */ = {isa = PBXFileReference; lastKnownFileType = sourcecode.cpp.h; path = BinaryTreeTester.hpp; sourceTree = "<group>"; };
		EEE4B3ED203F2387008A9796 /* List.hpp */ = {isa = PBXFileReference; lastKnownFileType = sourcecode.cpp.h; path = List.hpp; sourceTree = "<group>"; };
		EEE4B3F0203F23C1008A9796 /* Queue.hpp */ = {isa = PBXFileReference; lastKnownFileType = sourcecode.cpp.h; path = Queue.hpp; sourceTree = "<group>"; };
		EEE4B3F3203F23FE008A9796 /* Stack.hpp */ = {isa = PBXFileReference; lastKnownFileType = sourcecode.cpp.h; path = Stack.hpp; sourceTree = "<group>"; };
		EEE4B3F6203F2428008A9796 /* CircularList.hpp */ = {isa = PBXFileReference; lastKnownFileType = sourcecode.cpp.h; path = CircularList.hpp; sourceTree = "<group>"; };
		EEFABE99203C708C00EA651A /* LinkedList.hpp */ = {isa = PBXFileReference; lastKnownFileType = sourcecode.cpp.h; path = LinkedList.hpp; sourceTree = "<group>"; };
/* End PBXFileReference section */

/* Begin PBXFrameworksBuildPhase section */
		EE7AB61F20220BEE0083E029 /* Frameworks */ = {
			isa = PBXFrameworksBuildPhase;
			buildActionMask = 2147483647;
			files = (
			);
			runOnlyForDeploymentPostprocessing = 0;
		};
/* End PBXFrameworksBuildPhase section */

/* Begin PBXGroup section */
		EE3B4DA02029FF9C00CB80C1 /* Testers */ = {
			isa = PBXGroup;
			children = (
				EE3B4DA1202A001D00CB80C1 /* ArrayTester.cpp */,
				EE3B4DA2202A001D00CB80C1 /* ArrayTester.hpp */,
				EE7CE797204D8F8E004EAA32 /* RecursionTester.cpp */,
				EE7CE798204D8F8E004EAA32 /* RecursionTester.hpp */,
				EE9BA490205AB357001AF32C /* SortingTester.cpp */,
				EE9BA491205AB357001AF32C /* SortingTester.hpp */,
				EEC00B9E20653FDB0026C585 /* GraphTester.cpp */,
				EEC00B9F20653FDB0026C585 /* GraphTester.hpp */,
				EEC796E1206A948E00D2C837 /* BinaryTreeTester.cpp */,
				EEC796E2206A948E00D2C837 /* BinaryTreeTester.hpp */,
			);
			path = Testers;
			sourceTree = "<group>";
		};
		EE71AF1A2024C03200757B53 /* Structures */ = {
			isa = PBXGroup;
			children = (
				EE71AF1C2024C0C300757B53 /* Linear */,
				EE71AF1B2024C05700757B53 /* Non-Linear */,
			);
			path = Structures;
			sourceTree = "<group>";
		};
		EE71AF1B2024C05700757B53 /* Non-Linear */ = {
			isa = PBXGroup;
			children = (
				EE15C6B22060029F00FA5871 /* Graph.cpp */,
				EE15C6B32060029F00FA5871 /* Graph.hpp */,
			);
			path = "Non-Linear";
			sourceTree = "<group>";
		};
		EE71AF1C2024C0C300757B53 /* Linear */ = {
			isa = PBXGroup;
			children = (
				EE71AF242024C22300757B53 /* Array.hpp */,
				EEFABE99203C708C00EA651A /* LinkedList.hpp */,
				EEE4B3ED203F2387008A9796 /* List.hpp */,
				EEE4B3F0203F23C1008A9796 /* Queue.hpp */,
				EEE4B3F3203F23FE008A9796 /* Stack.hpp */,
				EEE4B3F6203F2428008A9796 /* CircularList.hpp */,
				EE3F7238207BB13C004721C9 /* BinarySearchTree.hpp */,
			);
			path = Linear;
			sourceTree = "<group>";
		};
		EE7AB61920220BED0083E029 = {
			isa = PBXGroup;
			children = (
				EE7AB62420220BEE0083E029 /* DataStructureProject */,
				EE7AB62320220BEE0083E029 /* Products */,
			);
			sourceTree = "<group>";
		};
		EE7AB62320220BEE0083E029 /* Products */ = {
			isa = PBXGroup;
			children = (
				EE7AB62220220BEE0083E029 /* DataStructureProject */,
			);
			name = Products;
			sourceTree = "<group>";
		};
		EE7AB62420220BEE0083E029 /* DataStructureProject */ = {
			isa = PBXGroup;
			children = (
				EE3B4DA02029FF9C00CB80C1 /* Testers */,
				EE7AB63620220C9F0083E029 /* Model */,
				EE7AB62E20220C450083E029 /* Data */,
				EE7AB62D20220C390083E029 /* Diagrams */,
				EE7AB62C20220C170083E029 /* Controller */,
				EE7AB63720220CE20083E029 /* Runner.cpp */,
			);
			path = DataStructureProject;
			sourceTree = "<group>";
		};
		EE7AB62C20220C170083E029 /* Controller */ = {
			isa = PBXGroup;
			children = (
				EE7AB63020220C790083E029 /* Controller.cpp */,
				EE7AB63120220C790083E029 /* Controller.hpp */,
				EE7AB63320220C8C0083E029 /* FileController.cpp */,
				EE7AB63420220C8C0083E029 /* FileController.hpp */,
				EE7AB62F20220C500083E029 /* Tools */,
			);
			path = Controller;
			sourceTree = "<group>";
		};
		EE7AB62D20220C390083E029 /* Diagrams */ = {
			isa = PBXGroup;
			children = (
			);
			path = Diagrams;
			sourceTree = "<group>";
		};
		EE7AB62E20220C450083E029 /* Data */ = {
			isa = PBXGroup;
			children = (
				EE33B87F205C026400BB7033 /* crime.csv */,
				EE7AB63D20221F4D0083E029 /* CrimeData.cpp */,
				EE7AB63E20221F570083E029 /* CrimeData.hpp */,
			);
			path = Data;
			sourceTree = "<group>";
		};
		EE7AB62F20220C500083E029 /* Tools */ = {
			isa = PBXGroup;
			children = (
				EE7AB63920220F4A0083E029 /* Timer.cpp */,
				EE7AB63A20220F4A0083E029 /* Timer.hpp */,
			);
			path = Tools;
			sourceTree = "<group>";
		};
		EE7AB63620220C9F0083E029 /* Model */ = {
			isa = PBXGroup;
			children = (
				EEBF9ED82031F91600AF6D63 /* Nodes */,
				EE71AF1A2024C03200757B53 /* Structures */,
			);
			path = Model;
			sourceTree = "<group>";
		};
		EEBF9ED82031F91600AF6D63 /* Nodes */ = {
			isa = PBXGroup;
			children = (
				EEA91A7E20446F8300BB75BD /* DoubleNode.hpp */,
				EE2D3C852045C407007B9AC9 /* Node.hpp */,
				EE15C6B52060191200FA5871 /* DoublyLinkedList.cpp */,
				EE15C6B92060194600FA5871 /* LinearNode.hpp */,
			);
			path = Nodes;
			sourceTree = "<group>";
		};
/* End PBXGroup section */

/* Begin PBXNativeTarget section */
		EE7AB62120220BEE0083E029 /* DataStructureProject */ = {
			isa = PBXNativeTarget;
			buildConfigurationList = EE7AB62920220BEE0083E029 /* Build configuration list for PBXNativeTarget "DataStructureProject" */;
			buildPhases = (
				EE7AB61E20220BEE0083E029 /* Sources */,
				EE7AB61F20220BEE0083E029 /* Frameworks */,
				EE7AB62020220BEE0083E029 /* CopyFiles */,
			);
			buildRules = (
			);
			dependencies = (
			);
			name = DataStructureProject;
			productName = DataStructureProject;
			productReference = EE7AB62220220BEE0083E029 /* DataStructureProject */;
			productType = "com.apple.product-type.tool";
		};
/* End PBXNativeTarget section */

/* Begin PBXProject section */
		EE7AB61A20220BEE0083E029 /* Project object */ = {
			isa = PBXProject;
			attributes = {
				LastUpgradeCheck = 0900;
				ORGANIZATIONNAME = "Din, Shujaet";
				TargetAttributes = {
					EE7AB62120220BEE0083E029 = {
						CreatedOnToolsVersion = 9.0;
						ProvisioningStyle = Automatic;
					};
				};
			};
			buildConfigurationList = EE7AB61D20220BEE0083E029 /* Build configuration list for PBXProject "DataStructureProject" */;
			compatibilityVersion = "Xcode 8.0";
			developmentRegion = en;
			hasScannedForEncodings = 0;
			knownRegions = (
				en,
			);
			mainGroup = EE7AB61920220BED0083E029;
			productRefGroup = EE7AB62320220BEE0083E029 /* Products */;
			projectDirPath = "";
			projectRoot = "";
			targets = (
				EE7AB62120220BEE0083E029 /* DataStructureProject */,
			);
		};
/* End PBXProject section */

/* Begin PBXSourcesBuildPhase section */
		EE7AB61E20220BEE0083E029 /* Sources */ = {
			isa = PBXSourcesBuildPhase;
			buildActionMask = 2147483647;
			files = (
				EE15C6B42060029F00FA5871 /* Graph.cpp in Sources */,
				EE7CE799204D8F8E004EAA32 /* RecursionTester.cpp in Sources */,
				EE7AB63520220C8C0083E029 /* FileController.cpp in Sources */,
				EE7AB63820220CE20083E029 /* Runner.cpp in Sources */,
				EE7AB63B20220F4A0083E029 /* Timer.cpp in Sources */,
				EEC796E3206A948E00D2C837 /* BinaryTreeTester.cpp in Sources */,
				EEC00BA020653FDB0026C585 /* GraphTester.cpp in Sources */,
				EE9BA492205AB357001AF32C /* SortingTester.cpp in Sources */,
				EE3B4DA3202A001D00CB80C1 /* ArrayTester.cpp in Sources */,
				EE33B880205C0E0B00BB7033 /* CrimeData.cpp in Sources */,
				EE7AB63220220C790083E029 /* Controller.cpp in Sources */,
				EE15C6B72060191200FA5871 /* DoublyLinkedList.cpp in Sources */,
			);
			runOnlyForDeploymentPostprocessing = 0;
		};
/* End PBXSourcesBuildPhase section */

/* Begin XCBuildConfiguration section */
		EE7AB62720220BEE0083E029 /* Debug */ = {
			isa = XCBuildConfiguration;
			buildSettings = {
				ALWAYS_SEARCH_USER_PATHS = NO;
				CLANG_ANALYZER_NONNULL = YES;
				CLANG_ANALYZER_NUMBER_OBJECT_CONVERSION = YES_AGGRESSIVE;
				CLANG_CXX_LANGUAGE_STANDARD = "gnu++14";
				CLANG_CXX_LIBRARY = "libc++";
				CLANG_ENABLE_MODULES = YES;
				CLANG_ENABLE_OBJC_ARC = YES;
				CLANG_WARN_BLOCK_CAPTURE_AUTORELEASING = YES;
				CLANG_WARN_BOOL_CONVERSION = YES;
				CLANG_WARN_COMMA = YES;
				CLANG_WARN_CONSTANT_CONVERSION = YES;
				CLANG_WARN_DIRECT_OBJC_ISA_USAGE = YES_ERROR;
				CLANG_WARN_DOCUMENTATION_COMMENTS = YES;
				CLANG_WARN_EMPTY_BODY = YES;
				CLANG_WARN_ENUM_CONVERSION = YES;
				CLANG_WARN_INFINITE_RECURSION = YES;
				CLANG_WARN_INT_CONVERSION = YES;
				CLANG_WARN_NON_LITERAL_NULL_CONVERSION = YES;
				CLANG_WARN_OBJC_LITERAL_CONVERSION = YES;
				CLANG_WARN_OBJC_ROOT_CLASS = YES_ERROR;
				CLANG_WARN_RANGE_LOOP_ANALYSIS = YES;
				CLANG_WARN_STRICT_PROTOTYPES = YES;
				CLANG_WARN_SUSPICIOUS_MOVE = YES;
				CLANG_WARN_UNGUARDED_AVAILABILITY = YES_AGGRESSIVE;
				CLANG_WARN_UNREACHABLE_CODE = YES;
				CLANG_WARN__DUPLICATE_METHOD_MATCH = YES;
				CODE_SIGN_IDENTITY = "-";
				COPY_PHASE_STRIP = NO;
				DEBUG_INFORMATION_FORMAT = dwarf;
				ENABLE_STRICT_OBJC_MSGSEND = YES;
				ENABLE_TESTABILITY = YES;
				GCC_C_LANGUAGE_STANDARD = gnu11;
				GCC_DYNAMIC_NO_PIC = NO;
				GCC_NO_COMMON_BLOCKS = YES;
				GCC_OPTIMIZATION_LEVEL = 0;
				GCC_PREPROCESSOR_DEFINITIONS = (
					"DEBUG=1",
					"$(inherited)",
				);
				GCC_WARN_64_TO_32_BIT_CONVERSION = YES;
				GCC_WARN_ABOUT_RETURN_TYPE = YES_ERROR;
				GCC_WARN_UNDECLARED_SELECTOR = YES;
				GCC_WARN_UNINITIALIZED_AUTOS = YES_AGGRESSIVE;
				GCC_WARN_UNUSED_FUNCTION = YES;
				GCC_WARN_UNUSED_VARIABLE = YES;
				MACOSX_DEPLOYMENT_TARGET = 10.12;
				MTL_ENABLE_DEBUG_INFO = YES;
				ONLY_ACTIVE_ARCH = YES;
				SDKROOT = macosx;
			};
			name = Debug;
		};
		EE7AB62820220BEE0083E029 /* Release */ = {
			isa = XCBuildConfiguration;
			buildSettings = {
				ALWAYS_SEARCH_USER_PATHS = NO;
				CLANG_ANALYZER_NONNULL = YES;
				CLANG_ANALYZER_NUMBER_OBJECT_CONVERSION = YES_AGGRESSIVE;
				CLANG_CXX_LANGUAGE_STANDARD = "gnu++14";
				CLANG_CXX_LIBRARY = "libc++";
				CLANG_ENABLE_MODULES = YES;
				CLANG_ENABLE_OBJC_ARC = YES;
				CLANG_WARN_BLOCK_CAPTURE_AUTORELEASING = YES;
				CLANG_WARN_BOOL_CONVERSION = YES;
				CLANG_WARN_COMMA = YES;
				CLANG_WARN_CONSTANT_CONVERSION = YES;
				CLANG_WARN_DIRECT_OBJC_ISA_USAGE = YES_ERROR;
				CLANG_WARN_DOCUMENTATION_COMMENTS = YES;
				CLANG_WARN_EMPTY_BODY = YES;
				CLANG_WARN_ENUM_CONVERSION = YES;
				CLANG_WARN_INFINITE_RECURSION = YES;
				CLANG_WARN_INT_CONVERSION = YES;
				CLANG_WARN_NON_LITERAL_NULL_CONVERSION = YES;
				CLANG_WARN_OBJC_LITERAL_CONVERSION = YES;
				CLANG_WARN_OBJC_ROOT_CLASS = YES_ERROR;
				CLANG_WARN_RANGE_LOOP_ANALYSIS = YES;
				CLANG_WARN_STRICT_PROTOTYPES = YES;
				CLANG_WARN_SUSPICIOUS_MOVE = YES;
				CLANG_WARN_UNGUARDED_AVAILABILITY = YES_AGGRESSIVE;
				CLANG_WARN_UNREACHABLE_CODE = YES;
				CLANG_WARN__DUPLICATE_METHOD_MATCH = YES;
				CODE_SIGN_IDENTITY = "-";
				COPY_PHASE_STRIP = NO;
				DEBUG_INFORMATION_FORMAT = "dwarf-with-dsym";
				ENABLE_NS_ASSERTIONS = NO;
				ENABLE_STRICT_OBJC_MSGSEND = YES;
				GCC_C_LANGUAGE_STANDARD = gnu11;
				GCC_NO_COMMON_BLOCKS = YES;
				GCC_WARN_64_TO_32_BIT_CONVERSION = YES;
				GCC_WARN_ABOUT_RETURN_TYPE = YES_ERROR;
				GCC_WARN_UNDECLARED_SELECTOR = YES;
				GCC_WARN_UNINITIALIZED_AUTOS = YES_AGGRESSIVE;
				GCC_WARN_UNUSED_FUNCTION = YES;
				GCC_WARN_UNUSED_VARIABLE = YES;
				MACOSX_DEPLOYMENT_TARGET = 10.12;
				MTL_ENABLE_DEBUG_INFO = NO;
				SDKROOT = macosx;
			};
			name = Release;
		};
		EE7AB62A20220BEE0083E029 /* Debug */ = {
			isa = XCBuildConfiguration;
			buildSettings = {
				CODE_SIGN_STYLE = Automatic;
				PRODUCT_NAME = "$(TARGET_NAME)";
			};
			name = Debug;
		};
		EE7AB62B20220BEE0083E029 /* Release */ = {
			isa = XCBuildConfiguration;
			buildSettings = {
				CODE_SIGN_STYLE = Automatic;
				PRODUCT_NAME = "$(TARGET_NAME)";
			};
			name = Release;
		};
/* End XCBuildConfiguration section */

/* Begin XCConfigurationList section */
		EE7AB61D20220BEE0083E029 /* Build configuration list for PBXProject "DataStructureProject" */ = {
			isa = XCConfigurationList;
			buildConfigurations = (
				EE7AB62720220BEE0083E029 /* Debug */,
				EE7AB62820220BEE0083E029 /* Release */,
			);
			defaultConfigurationIsVisible = 0;
			defaultConfigurationName = Release;
		};
		EE7AB62920220BEE0083E029 /* Build configuration list for PBXNativeTarget "DataStructureProject" */ = {
			isa = XCConfigurationList;
			buildConfigurations = (
				EE7AB62A20220BEE0083E029 /* Debug */,
				EE7AB62B20220BEE0083E029 /* Release */,
			);
			defaultConfigurationIsVisible = 0;
			defaultConfigurationName = Release;
		};
/* End XCConfigurationList section */
	};
	rootObject = EE7AB61A20220BEE0083E029 /* Project object */;
}
